
Microsoft Visual Studio Solution File, Format Version 12.00
# Visual Studio Version 17
VisualStudioVersion = 17.3.32929.385
MinimumVisualStudioVersion = 10.0.40219.1
Project("{8BC9CEB8-8B4A-11D0-8D11-00A0C91BC942}") = "期中2", "期中2\期中2.vcxproj", "{CE0A79EC-147D-4D74-8B13-D7BB30C60FCC}"
EndProject
Global
	GlobalSection(SolutionConfigurationPlatforms) = preSolution
		Debug|x64 = Debug|x64
		Debug|x86 = Debug|x86
		Release|x64 = Release|x64
		Release|x86 = Release|x86
	EndGlobalSection
	GlobalSection(ProjectConfigurationPlatforms) = postSolution
		{CE0A79EC-147D-4D74-8B13-D7BB30C60FCC}.Debug|x64.ActiveCfg = Debug|x64
		{CE0A79EC-147D-4D74-8B13-D7BB30C60FCC}.Debug|x64.Build.0 = Debug|x64
		{CE0A79EC-147D-4D74-8B13-D7BB30C60FCC}.Debug|x86.ActiveCfg = Debug|Win32
		{CE0A79EC-147D-4D74-8B13-D7BB30C60FCC}.Debug|x86.Build.0 = Debug|Win32
		{CE0A79EC-147D-4D74-8B13-D7BB30C60FCC}.Release|x64.ActiveCfg = Release|x64
		{CE0A79EC-147D-4D74-8B13-D7BB30C60FCC}.Release|x64.Build.0 = Release|x64
		{CE0A79EC-147D-4D74-8B13-D7BB30C60FCC}.Release|x86.ActiveCfg = Release|Win32
		{CE0A79EC-147D-4D74-8B13-D7BB30C60FCC}.Release|x86.Build.0 = Release|Win32
	EndGlobalSection
	GlobalSection(SolutionProperties) = preSolution
		HideSolutionNode = FALSE
	EndGlobalSection
	GlobalSection(ExtensibilityGlobals) = postSolution
		SolutionGuid = {5A1F15FA-C1D8-44A4-ABD0-273DD99EBE49}
	EndGlobalSection
EndGlobal
