
Microsoft Visual Studio Solution File, Format Version 12.00
# Visual Studio Version 17
VisualStudioVersion = 17.3.32825.248
MinimumVisualStudioVersion = 10.0.40219.1
Project("{8BC9CEB8-8B4A-11D0-8D11-00A0C91BC942}") = "实验三 1 选择排序", "实验三 1 选择排序\实验三 1 选择排序.vcxproj", "{3B121145-A723-45D2-9B91-C6E832A35583}"
EndProject
Global
	GlobalSection(SolutionConfigurationPlatforms) = preSolution
		Debug|x64 = Debug|x64
		Debug|x86 = Debug|x86
		Release|x64 = Release|x64
		Release|x86 = Release|x86
	EndGlobalSection
	GlobalSection(ProjectConfigurationPlatforms) = postSolution
		{3B121145-A723-45D2-9B91-C6E832A35583}.Debug|x64.ActiveCfg = Debug|x64
		{3B121145-A723-45D2-9B91-C6E832A35583}.Debug|x64.Build.0 = Debug|x64
		{3B121145-A723-45D2-9B91-C6E832A35583}.Debug|x86.ActiveCfg = Debug|Win32
		{3B121145-A723-45D2-9B91-C6E832A35583}.Debug|x86.Build.0 = Debug|Win32
		{3B121145-A723-45D2-9B91-C6E832A35583}.Release|x64.ActiveCfg = Release|x64
		{3B121145-A723-45D2-9B91-C6E832A35583}.Release|x64.Build.0 = Release|x64
		{3B121145-A723-45D2-9B91-C6E832A35583}.Release|x86.ActiveCfg = Release|Win32
		{3B121145-A723-45D2-9B91-C6E832A35583}.Release|x86.Build.0 = Release|Win32
	EndGlobalSection
	GlobalSection(SolutionProperties) = preSolution
		HideSolutionNode = FALSE
	EndGlobalSection
	GlobalSection(ExtensibilityGlobals) = postSolution
		SolutionGuid = {8961D54D-C78F-4C50-9363-69639763EAE6}
	EndGlobalSection
EndGlobal
