
Microsoft Visual Studio Solution File, Format Version 12.00
# Visual Studio Version 17
VisualStudioVersion = 17.3.32825.248
MinimumVisualStudioVersion = 10.0.40219.1
Project("{8BC9CEB8-8B4A-11D0-8D11-00A0C91BC942}") = "实验三 7 身份证", "实验三 7 身份证\实验三 7 身份证.vcxproj", "{48E25609-7CE5-438B-8226-244C2052CA33}"
EndProject
Global
	GlobalSection(SolutionConfigurationPlatforms) = preSolution
		Debug|x64 = Debug|x64
		Debug|x86 = Debug|x86
		Release|x64 = Release|x64
		Release|x86 = Release|x86
	EndGlobalSection
	GlobalSection(ProjectConfigurationPlatforms) = postSolution
		{48E25609-7CE5-438B-8226-244C2052CA33}.Debug|x64.ActiveCfg = Debug|x64
		{48E25609-7CE5-438B-8226-244C2052CA33}.Debug|x64.Build.0 = Debug|x64
		{48E25609-7CE5-438B-8226-244C2052CA33}.Debug|x86.ActiveCfg = Debug|Win32
		{48E25609-7CE5-438B-8226-244C2052CA33}.Debug|x86.Build.0 = Debug|Win32
		{48E25609-7CE5-438B-8226-244C2052CA33}.Release|x64.ActiveCfg = Release|x64
		{48E25609-7CE5-438B-8226-244C2052CA33}.Release|x64.Build.0 = Release|x64
		{48E25609-7CE5-438B-8226-244C2052CA33}.Release|x86.ActiveCfg = Release|Win32
		{48E25609-7CE5-438B-8226-244C2052CA33}.Release|x86.Build.0 = Release|Win32
	EndGlobalSection
	GlobalSection(SolutionProperties) = preSolution
		HideSolutionNode = FALSE
	EndGlobalSection
	GlobalSection(ExtensibilityGlobals) = postSolution
		SolutionGuid = {64B768E2-75B2-4BE2-8532-E1A5D0D4F729}
	EndGlobalSection
EndGlobal
